
Microsoft Visual Studio Solution File, Format Version 12.00
# Visual Studio Version 16
VisualStudioVersion = 16.0.30717.126
MinimumVisualStudioVersion = 10.0.40219.1
Project("{FAE04EC0-301F-11D3-BF4B-00C04F79EFBC}") = "RegExClient", "RegExClient\RegExClient.csproj", "{2031E8E7-6B41-4D5A-A774-447DA436F9D2}"
EndProject
Project("{2150E333-8FDC-42A3-9474-1A3956D46DE8}") = "Lib", "Lib", "{43855036-DDCE-4DE0-B9D6-F6F998D910C2}"
	ProjectSection(SolutionItems) = preProject
		Lib\JoeWare_Lib.dll = Lib\JoeWare_Lib.dll
	EndProjectSection
EndProject
Project("{2150E333-8FDC-42A3-9474-1A3956D46DE8}") = "Sample Regex", "Sample Regex", "{FA6943FE-8BFA-4BCE-96C6-9DB024B2E761}"
	ProjectSection(SolutionItems) = preProject
		Sample Regex\DateMatch-Long.regx = Sample Regex\DateMatch-Long.regx
		Sample Regex\DateMatch.regx = Sample Regex\DateMatch.regx
		Sample Regex\DateMatch_Long.regx = Sample Regex\DateMatch_Long.regx
		Sample Regex\Look Ahead sample.regx = Sample Regex\Look Ahead sample.regx
		Sample Regex\Look Behind sample.regx = Sample Regex\Look Behind sample.regx
		Sample Regex\Look Both ways in the Preamble.regx = Sample Regex\Look Both ways in the Preamble.regx
		Sample Regex\Look Both Ways.regx = Sample Regex\Look Both Ways.regx
		Sample Regex\MultipleQuotesMatch.regx = Sample Regex\MultipleQuotesMatch.regx
		Sample Regex\NotImplementedException.regx = Sample Regex\NotImplementedException.regx
		Sample Regex\Password.regx = Sample Regex\Password.regx
		Sample Regex\The Preamble.regx = Sample Regex\The Preamble.regx
		Sample Regex\UNCMatch.regx = Sample Regex\UNCMatch.regx
	EndProjectSection
EndProject
Global
	GlobalSection(SolutionConfigurationPlatforms) = preSolution
		Debug|Any CPU = Debug|Any CPU
		Release|Any CPU = Release|Any CPU
	EndGlobalSection
	GlobalSection(ProjectConfigurationPlatforms) = postSolution
		{2031E8E7-6B41-4D5A-A774-447DA436F9D2}.Debug|Any CPU.ActiveCfg = Debug|Any CPU
		{2031E8E7-6B41-4D5A-A774-447DA436F9D2}.Debug|Any CPU.Build.0 = Debug|Any CPU
		{2031E8E7-6B41-4D5A-A774-447DA436F9D2}.Release|Any CPU.ActiveCfg = Release|Any CPU
		{2031E8E7-6B41-4D5A-A774-447DA436F9D2}.Release|Any CPU.Build.0 = Release|Any CPU
	EndGlobalSection
	GlobalSection(SolutionProperties) = preSolution
		HideSolutionNode = FALSE
	EndGlobalSection
	GlobalSection(ExtensibilityGlobals) = postSolution
		SolutionGuid = {38A0D7E4-F6EF-41E2-9561-0F7EDF591100}
	EndGlobalSection
EndGlobal
